{
  "lockfileVersion": 1,
  "configVersion": 1,
  "workspaces": {
    "": {
      "name": "simoncrypta",
      "dependencies": {
        "@kitajs/html": "^4.2.8",
      },
      "devDependencies": {
        "@biomejs/biome": "^2.3.13",
        "@types/bun": "latest",
        "typescript-language-server": "^5.1.3",
      },
      "peerDependencies": {
        "typescript": "^5.9.3",
      },
    },
  },
  "packages": {
    "@biomejs/biome": ["@biomejs/biome@2.3.13", "", { "optionalDependencies": { "@biomejs/cli-darwin-arm64": "2.3.13", "@biomejs/cli-darwin-x64": "2.3.13", "@biomejs/cli-linux-arm64": "2.3.13", "@biomejs/cli-linux-arm64-musl": "2.3.13", "@biomejs/cli-linux-x64": "2.3.13", "@biomejs/cli-linux-x64-musl": "2.3.13", "@biomejs/cli-win32-arm64": "2.3.13", "@biomejs/cli-win32-x64": "2.3.13" }, "bin": { "biome": "bin/biome" } }, "sha512-Fw7UsV0UAtWIBIm0M7g5CRerpu1eKyKAXIazzxhbXYUyMkwNrkX/KLkGI7b+uVDQ5cLUMfOC9vR60q9IDYDstA=="],

    "@biomejs/cli-darwin-arm64": ["@biomejs/cli-darwin-arm64@2.3.13", "", { "os": "darwin", "cpu": "arm64" }, "sha512-0OCwP0/BoKzyJHnFdaTk/i7hIP9JHH9oJJq6hrSCPmJPo8JWcJhprK4gQlhFzrwdTBAW4Bjt/RmCf3ZZe59gwQ=="],

    "@biomejs/cli-darwin-x64": ["@biomejs/cli-darwin-x64@2.3.13", "", { "os": "darwin", "cpu": "x64" }, "sha512-AGr8OoemT/ejynbIu56qeil2+F2WLkIjn2d8jGK1JkchxnMUhYOfnqc9sVzcRxpG9Ycvw4weQ5sprRvtb7Yhcw=="],

    "@biomejs/cli-linux-arm64": ["@biomejs/cli-linux-arm64@2.3.13", "", { "os": "linux", "cpu": "arm64" }, "sha512-xvOiFkrDNu607MPMBUQ6huHmBG1PZLOrqhtK6pXJW3GjfVqJg0Z/qpTdhXfcqWdSZHcT+Nct2fOgewZvytESkw=="],

    "@biomejs/cli-linux-arm64-musl": ["@biomejs/cli-linux-arm64-musl@2.3.13", "", { "os": "linux", "cpu": "arm64" }, "sha512-TUdDCSY+Eo/EHjhJz7P2GnWwfqet+lFxBZzGHldrvULr59AgahamLs/N85SC4+bdF86EhqDuuw9rYLvLFWWlXA=="],

    "@biomejs/cli-linux-x64": ["@biomejs/cli-linux-x64@2.3.13", "", { "os": "linux", "cpu": "x64" }, "sha512-s+YsZlgiXNq8XkgHs6xdvKDFOj/bwTEevqEY6rC2I3cBHbxXYU1LOZstH3Ffw9hE5tE1sqT7U23C00MzkXztMw=="],

    "@biomejs/cli-linux-x64-musl": ["@biomejs/cli-linux-x64-musl@2.3.13", "", { "os": "linux", "cpu": "x64" }, "sha512-0bdwFVSbbM//Sds6OjtnmQGp4eUjOTt6kHvR/1P0ieR9GcTUAlPNvPC3DiavTqq302W34Ae2T6u5VVNGuQtGlQ=="],

    "@biomejs/cli-win32-arm64": ["@biomejs/cli-win32-arm64@2.3.13", "", { "os": "win32", "cpu": "arm64" }, "sha512-QweDxY89fq0VvrxME+wS/BXKmqMrOTZlN9SqQ79kQSIc3FrEwvW/PvUegQF6XIVaekncDykB5dzPqjbwSKs9DA=="],

    "@biomejs/cli-win32-x64": ["@biomejs/cli-win32-x64@2.3.13", "", { "os": "win32", "cpu": "x64" }, "sha512-trDw2ogdM2lyav9WFQsdsfdVy1dvZALymRpgmWsvSez0BJzBjulhOT/t+wyKeh3pZWvwP3VMs1SoOKwO3wecMQ=="],

    "@kitajs/html": ["@kitajs/html@4.2.11", "", { "dependencies": { "csstype": "^3.1.3" } }, "sha512-gOe+zzCZKN2fPT1FUK32mHsr21ILcAOUUux/yDqQthInW8egN8RuxVp+zP3KhwWETVACkurBiKV9RWuNw+ceiw=="],

    "@types/bun": ["@types/bun@1.3.8", "", { "dependencies": { "bun-types": "1.3.8" } }, "sha512-3LvWJ2q5GerAXYxO2mffLTqOzEu5qnhEAlh48Vnu8WQfnmSwbgagjGZV6BoHKJztENYEDn6QmVd949W4uESRJA=="],

    "@types/node": ["@types/node@25.1.0", "", { "dependencies": { "undici-types": "~7.16.0" } }, "sha512-t7frlewr6+cbx+9Ohpl0NOTKXZNV9xHRmNOvql47BFJKcEG1CxtxlPEEe+gR9uhVWM4DwhnvTF110mIL4yP9RA=="],

    "bun-types": ["bun-types@1.3.8", "", { "dependencies": { "@types/node": "*" } }, "sha512-fL99nxdOWvV4LqjmC+8Q9kW3M4QTtTR1eePs94v5ctGqU8OeceWrSUaRw3JYb7tU3FkMIAjkueehrHPPPGKi5Q=="],

    "csstype": ["csstype@3.2.3", "", {}, "sha512-z1HGKcYy2xA8AGQfwrn0PAy+PB7X/GSj3UVJW9qKyn43xWa+gl5nXmU4qqLMRzWVLFC8KusUX8T/0kCiOYpAIQ=="],

    "typescript": ["typescript@5.9.3", "", { "bin": { "tsc": "bin/tsc", "tsserver": "bin/tsserver" } }, "sha512-jl1vZzPDinLr9eUt3J/t7V6FgNEw9QjvBPdysz9KfQDD41fQrC2Y4vKQdiaUpFT4bXlb1RHhLpp8wtm6M5TgSw=="],

    "typescript-language-server": ["typescript-language-server@5.1.3", "", { "bin": { "typescript-language-server": "lib/cli.mjs" } }, "sha512-r+pAcYtWdN8tKlYZPwiiHNA2QPjXnI02NrW5Sf2cVM3TRtuQ3V9EKKwOxqwaQ0krsaEXk/CbN90I5erBuf84Vg=="],

    "undici-types": ["undici-types@7.16.0", "", {}, "sha512-Zz+aZWSj8LE6zoxD+xrjh4VfkIG8Ya6LvYkZqtUQGJPZjYl53ypCaUwWqo7eI0x66KBGeRo+mlBEkMSeSZ38Nw=="],
  }
}
